PODS:
  - AsyncDisplayKit/Core (2.2)
  - MXRMessenger (0.1.0):
    - MXRMessenger/Core (= 0.1.0)
    - MXRMessenger/MessageCell (= 0.1.0)
    - MXRMessenger/ViewController (= 0.1.0)
  - MXRMessenger/Core (0.1.0):
    - AsyncDisplayKit/Core (~> 2.0)
  - MXRMessenger/MessageCell (0.1.0):
    - MXRMessenger/Core
  - MXRMessenger/ViewController (0.1.0):
    - MXRMessenger/Core

DEPENDENCIES:
  - MXRMessenger (from `../../`)

EXTERNAL SOURCES:
  MXRMessenger:
    :path: ../../

SPEC CHECKSUMS:
  AsyncDisplayKit: 1585f6cd0531ae9b30476f5912f577b73ebcb0e4
  MXRMessenger: 0763292361457d3c70a2758dd4f1b9e0da484e2d

PODFILE CHECKSUM: 1cfa7934665969e417d09e398673a31b4641fdfc

COCOAPODS: 1.2.1
