PODS:
  - MXRMessenger (0.1.0):
    - MXRMessenger/Core (= 0.1.0)
    - MXRMessenger/MessageCell (= 0.1.0)
    - MXRMessenger/ViewController (= 0.1.0)
  - MXRMessenger/Core (0.1.0):
    - Texture/Core (~> 2.0)
  - MXRMessenger/MessageCell (0.1.0):
    - MXRMessenger/Core
  - MXRMessenger/ViewController (0.1.0):
    - MXRMessenger/Core
  - PINCache (3.0.1-beta.5):
    - PINCache/Arc-exception-safe (= 3.0.1-beta.5)
    - PINCache/Core (= 3.0.1-beta.5)
  - PINCache/Arc-exception-safe (3.0.1-beta.5):
    - PINCache/Core
  - PINCache/Core (3.0.1-beta.5):
    - PINOperation (= 1.0.3)
  - PINOperation (1.0.3)
  - PINRemoteImage/Core (3.0.0-beta.11):
    - PINOperation
  - PINRemoteImage/iOS (3.0.0-beta.11):
    - PINRemoteImage/Core
  - PINRemoteImage/PINCache (3.0.0-beta.11):
    - PINCache (= 3.0.1-beta.5)
    - PINRemoteImage/Core
  - Texture (2.4):
    - Texture/PINRemoteImage (= 2.4)
  - Texture/Core (2.4)
  - Texture/PINRemoteImage (2.4):
    - PINRemoteImage/iOS (= 3.0.0-beta.11)
    - PINRemoteImage/PINCache
    - Texture/Core

DEPENDENCIES:
  - MXRMessenger (from `../../`)
  - Texture

EXTERNAL SOURCES:
  MXRMessenger:
    :path: ../../

SPEC CHECKSUMS:
  MXRMessenger: d8a98d987eb281e06ca24f3611d4eed8771b08a8
  PINCache: 98e7b1ef782824ad231ade51987c218b758c30d8
  PINOperation: ac23db44796d4a564ecf9b5ea7163510f579b71d
  PINRemoteImage: d71988f11914a050d6d4cf51efc4ad1de8c0a9d8
  Texture: a5526314780eab35f642d956627f09316b9514e8

PODFILE CHECKSUM: e52e2f58a5b4104966f0b955bfb80f444bc70c1f

COCOAPODS: 1.2.1
